
Microsoft Visual Studio Solution File, Format Version 12.00
# Visual Studio Version 17
VisualStudioVersion = 17.8.34309.116
MinimumVisualStudioVersion = 10.0.40219.1
Project("{2150E333-8FDC-42A3-9474-1A3956D46DE8}") = "Toolkits", "Toolkits", "{8B68315F-10BA-4E2B-AF2E-312DCD160766}"
EndProject
Project("{2150E333-8FDC-42A3-9474-1A3956D46DE8}") = "Common", "Common", "{81389446-0175-4050-B3DB-88E93C7E078C}"
EndProject
Project("{2150E333-8FDC-42A3-9474-1A3956D46DE8}") = "Modules", "Modules", "{4A762C57-26E8-49A3-BD83-CA0911C96AE4}"
EndProject
Project("{2150E333-8FDC-42A3-9474-1A3956D46DE8}") = "Presentation", "Presentation", "{D4AEF1DC-1030-447B-817D-F5E49C801EFF}"
EndProject
Project("{2150E333-8FDC-42A3-9474-1A3956D46DE8}") = "Prism Library", "Prism Library", "{15CF1FE1-D78E-4E3D-A9F8-FA0FCC56A83A}"
EndProject
Project("{9A19103F-16F7-4668-BE54-9A1E7A4F7556}") = "Prism.Wpf", "Toolkits\Prism Library\Prism.Wpf\Prism.Wpf.csproj", "{6A60A2C1-92C4-4C6E-9883-928D8D308678}"
EndProject
Project("{9A19103F-16F7-4668-BE54-9A1E7A4F7556}") = "Prism.Unity.Wpf", "Toolkits\Prism Library\Prism.Unity.Wpf\Prism.Unity.Wpf.csproj", "{2ED63CA2-6C42-40DD-AF17-9C990E75A530}"
EndProject
Project("{9A19103F-16F7-4668-BE54-9A1E7A4F7556}") = "Prism.Core", "Toolkits\Prism Library\Prism.Core\Prism.Core.csproj", "{924E08CD-824C-43CD-8B8B-3D7673E19D5D}"
EndProject
Project("{9A19103F-16F7-4668-BE54-9A1E7A4F7556}") = "Aksl.Infrastructure", "Infrastructure\Aksl.Infrastructure\Aksl.Infrastructure.csproj", "{ADE7520F-AB1B-4EA2-9B17-3837DC19E53E}"
EndProject
Project("{9A19103F-16F7-4668-BE54-9A1E7A4F7556}") = "Aksl.Wpf.DragDrop", "Presentation\Shell\Aksl.Wpf.DragDrop.csproj", "{86F5A01B-9FF4-47F8-91FD-1E1540DCCDAE}"
EndProject
Project("{9A19103F-16F7-4668-BE54-9A1E7A4F7556}") = "Account", "Presentation\Modules\Account\Account.csproj", "{47ED3A36-C2D9-4E41-B4B5-9ECE93A6AE28}"
EndProject
Project("{9A19103F-16F7-4668-BE54-9A1E7A4F7556}") = "Aksl.Toolkit", "Toolkits\Aksl.Toolkit\Aksl.Toolkit.csproj", "{A3AF55C3-C7D2-498A-B881-AF95D2F6C6A5}"
EndProject
Project("{9A19103F-16F7-4668-BE54-9A1E7A4F7556}") = "Aksl.Toolkit.Controls", "Toolkits\Aksl.Toolkit.Controls\Aksl.Toolkit.Controls.csproj", "{083E8760-3F4E-487D-B681-D4DBFB4E946D}"
EndProject
Project("{2150E333-8FDC-42A3-9474-1A3956D46DE8}") = "SideBars", "SideBars", "{AB1E8BA7-696E-4CEC-981E-A7374346C2D9}"
EndProject
Project("{2150E333-8FDC-42A3-9474-1A3956D46DE8}") = "Colors", "Colors", "{5DB860FA-3E3E-44B4-9710-E6C85164CB30}"
EndProject
Project("{9A19103F-16F7-4668-BE54-9A1E7A4F7556}") = "HamburgerMenuNavigationSideBar", "Presentation\Modules\SideBars\HamburgerMenuNavigationSideBar\HamburgerMenuNavigationSideBar.csproj", "{115E4A96-26C5-449F-94F7-F4924A6D0613}"
EndProject
Project("{9A19103F-16F7-4668-BE54-9A1E7A4F7556}") = "BluesView", "Presentation\Modules\Colors\BluesView\BluesView.csproj", "{CD3184EB-107B-4A6F-874B-2E8E11ADE937}"
EndProject
Project("{9A19103F-16F7-4668-BE54-9A1E7A4F7556}") = "YellowsView", "Presentation\Modules\Colors\YellowsView\YellowsView.csproj", "{917F671A-720D-4830-8359-E663CD8347B7}"
EndProject
Project("{9A19103F-16F7-4668-BE54-9A1E7A4F7556}") = "BlacksView", "Presentation\Modules\Colors\BlacksView\BlacksView.csproj", "{5E63499C-F8AD-4A52-8B7A-52FD64EE91C0}"
EndProject
Project("{9A19103F-16F7-4668-BE54-9A1E7A4F7556}") = "FunctionsView", "Presentation\Modules\Colors\RedsView\FunctionsView.csproj", "{093392D7-56AE-4EB4-845C-D4B66DFCAA6E}"
EndProject
Project("{9A19103F-16F7-4668-BE54-9A1E7A4F7556}") = "Views", "Presentation\Modules\Views\Views.csproj", "{0E2C3BB2-FB45-4BB9-9DB7-7F42AAF64FBA}"
EndProject
Global
	GlobalSection(SolutionConfigurationPlatforms) = preSolution
		Debug|Any CPU = Debug|Any CPU
		Debug|x86 = Debug|x86
		Release|Any CPU = Release|Any CPU
		Release|x86 = Release|x86
	EndGlobalSection
	GlobalSection(ProjectConfigurationPlatforms) = postSolution
		{6A60A2C1-92C4-4C6E-9883-928D8D308678}.Debug|Any CPU.ActiveCfg = Debug|Any CPU
		{6A60A2C1-92C4-4C6E-9883-928D8D308678}.Debug|Any CPU.Build.0 = Debug|Any CPU
		{6A60A2C1-92C4-4C6E-9883-928D8D308678}.Debug|x86.ActiveCfg = Debug|Any CPU
		{6A60A2C1-92C4-4C6E-9883-928D8D308678}.Debug|x86.Build.0 = Debug|Any CPU
		{6A60A2C1-92C4-4C6E-9883-928D8D308678}.Release|Any CPU.ActiveCfg = Release|Any CPU
		{6A60A2C1-92C4-4C6E-9883-928D8D308678}.Release|Any CPU.Build.0 = Release|Any CPU
		{6A60A2C1-92C4-4C6E-9883-928D8D308678}.Release|x86.ActiveCfg = Release|Any CPU
		{6A60A2C1-92C4-4C6E-9883-928D8D308678}.Release|x86.Build.0 = Release|Any CPU
		{2ED63CA2-6C42-40DD-AF17-9C990E75A530}.Debug|Any CPU.ActiveCfg = Debug|Any CPU
		{2ED63CA2-6C42-40DD-AF17-9C990E75A530}.Debug|Any CPU.Build.0 = Debug|Any CPU
		{2ED63CA2-6C42-40DD-AF17-9C990E75A530}.Debug|x86.ActiveCfg = Debug|Any CPU
		{2ED63CA2-6C42-40DD-AF17-9C990E75A530}.Debug|x86.Build.0 = Debug|Any CPU
		{2ED63CA2-6C42-40DD-AF17-9C990E75A530}.Release|Any CPU.ActiveCfg = Release|Any CPU
		{2ED63CA2-6C42-40DD-AF17-9C990E75A530}.Release|Any CPU.Build.0 = Release|Any CPU
		{2ED63CA2-6C42-40DD-AF17-9C990E75A530}.Release|x86.ActiveCfg = Release|Any CPU
		{2ED63CA2-6C42-40DD-AF17-9C990E75A530}.Release|x86.Build.0 = Release|Any CPU
		{924E08CD-824C-43CD-8B8B-3D7673E19D5D}.Debug|Any CPU.ActiveCfg = Debug|Any CPU
		{924E08CD-824C-43CD-8B8B-3D7673E19D5D}.Debug|Any CPU.Build.0 = Debug|Any CPU
		{924E08CD-824C-43CD-8B8B-3D7673E19D5D}.Debug|x86.ActiveCfg = Debug|Any CPU
		{924E08CD-824C-43CD-8B8B-3D7673E19D5D}.Debug|x86.Build.0 = Debug|Any CPU
		{924E08CD-824C-43CD-8B8B-3D7673E19D5D}.Release|Any CPU.ActiveCfg = Release|Any CPU
		{924E08CD-824C-43CD-8B8B-3D7673E19D5D}.Release|Any CPU.Build.0 = Release|Any CPU
		{924E08CD-824C-43CD-8B8B-3D7673E19D5D}.Release|x86.ActiveCfg = Release|Any CPU
		{924E08CD-824C-43CD-8B8B-3D7673E19D5D}.Release|x86.Build.0 = Release|Any CPU
		{ADE7520F-AB1B-4EA2-9B17-3837DC19E53E}.Debug|Any CPU.ActiveCfg = Debug|Any CPU
		{ADE7520F-AB1B-4EA2-9B17-3837DC19E53E}.Debug|Any CPU.Build.0 = Debug|Any CPU
		{ADE7520F-AB1B-4EA2-9B17-3837DC19E53E}.Debug|x86.ActiveCfg = Debug|Any CPU
		{ADE7520F-AB1B-4EA2-9B17-3837DC19E53E}.Debug|x86.Build.0 = Debug|Any CPU
		{ADE7520F-AB1B-4EA2-9B17-3837DC19E53E}.Release|Any CPU.ActiveCfg = Release|Any CPU
		{ADE7520F-AB1B-4EA2-9B17-3837DC19E53E}.Release|Any CPU.Build.0 = Release|Any CPU
		{ADE7520F-AB1B-4EA2-9B17-3837DC19E53E}.Release|x86.ActiveCfg = Release|Any CPU
		{ADE7520F-AB1B-4EA2-9B17-3837DC19E53E}.Release|x86.Build.0 = Release|Any CPU
		{86F5A01B-9FF4-47F8-91FD-1E1540DCCDAE}.Debug|Any CPU.ActiveCfg = Debug|Any CPU
		{86F5A01B-9FF4-47F8-91FD-1E1540DCCDAE}.Debug|Any CPU.Build.0 = Debug|Any CPU
		{86F5A01B-9FF4-47F8-91FD-1E1540DCCDAE}.Debug|x86.ActiveCfg = Debug|Any CPU
		{86F5A01B-9FF4-47F8-91FD-1E1540DCCDAE}.Debug|x86.Build.0 = Debug|Any CPU
		{86F5A01B-9FF4-47F8-91FD-1E1540DCCDAE}.Release|Any CPU.ActiveCfg = Release|Any CPU
		{86F5A01B-9FF4-47F8-91FD-1E1540DCCDAE}.Release|Any CPU.Build.0 = Release|Any CPU
		{86F5A01B-9FF4-47F8-91FD-1E1540DCCDAE}.Release|x86.ActiveCfg = Release|Any CPU
		{86F5A01B-9FF4-47F8-91FD-1E1540DCCDAE}.Release|x86.Build.0 = Release|Any CPU
		{47ED3A36-C2D9-4E41-B4B5-9ECE93A6AE28}.Debug|Any CPU.ActiveCfg = Debug|Any CPU
		{47ED3A36-C2D9-4E41-B4B5-9ECE93A6AE28}.Debug|Any CPU.Build.0 = Debug|Any CPU
		{47ED3A36-C2D9-4E41-B4B5-9ECE93A6AE28}.Debug|x86.ActiveCfg = Debug|Any CPU
		{47ED3A36-C2D9-4E41-B4B5-9ECE93A6AE28}.Debug|x86.Build.0 = Debug|Any CPU
		{47ED3A36-C2D9-4E41-B4B5-9ECE93A6AE28}.Release|Any CPU.ActiveCfg = Release|Any CPU
		{47ED3A36-C2D9-4E41-B4B5-9ECE93A6AE28}.Release|Any CPU.Build.0 = Release|Any CPU
		{47ED3A36-C2D9-4E41-B4B5-9ECE93A6AE28}.Release|x86.ActiveCfg = Release|Any CPU
		{47ED3A36-C2D9-4E41-B4B5-9ECE93A6AE28}.Release|x86.Build.0 = Release|Any CPU
		{A3AF55C3-C7D2-498A-B881-AF95D2F6C6A5}.Debug|Any CPU.ActiveCfg = Debug|Any CPU
		{A3AF55C3-C7D2-498A-B881-AF95D2F6C6A5}.Debug|Any CPU.Build.0 = Debug|Any CPU
		{A3AF55C3-C7D2-498A-B881-AF95D2F6C6A5}.Debug|x86.ActiveCfg = Debug|Any CPU
		{A3AF55C3-C7D2-498A-B881-AF95D2F6C6A5}.Debug|x86.Build.0 = Debug|Any CPU
		{A3AF55C3-C7D2-498A-B881-AF95D2F6C6A5}.Release|Any CPU.ActiveCfg = Release|Any CPU
		{A3AF55C3-C7D2-498A-B881-AF95D2F6C6A5}.Release|Any CPU.Build.0 = Release|Any CPU
		{A3AF55C3-C7D2-498A-B881-AF95D2F6C6A5}.Release|x86.ActiveCfg = Release|Any CPU
		{A3AF55C3-C7D2-498A-B881-AF95D2F6C6A5}.Release|x86.Build.0 = Release|Any CPU
		{083E8760-3F4E-487D-B681-D4DBFB4E946D}.Debug|Any CPU.ActiveCfg = Debug|Any CPU
		{083E8760-3F4E-487D-B681-D4DBFB4E946D}.Debug|Any CPU.Build.0 = Debug|Any CPU
		{083E8760-3F4E-487D-B681-D4DBFB4E946D}.Debug|x86.ActiveCfg = Debug|Any CPU
		{083E8760-3F4E-487D-B681-D4DBFB4E946D}.Debug|x86.Build.0 = Debug|Any CPU
		{083E8760-3F4E-487D-B681-D4DBFB4E946D}.Release|Any CPU.ActiveCfg = Release|Any CPU
		{083E8760-3F4E-487D-B681-D4DBFB4E946D}.Release|Any CPU.Build.0 = Release|Any CPU
		{083E8760-3F4E-487D-B681-D4DBFB4E946D}.Release|x86.ActiveCfg = Release|Any CPU
		{083E8760-3F4E-487D-B681-D4DBFB4E946D}.Release|x86.Build.0 = Release|Any CPU
		{115E4A96-26C5-449F-94F7-F4924A6D0613}.Debug|Any CPU.ActiveCfg = Debug|Any CPU
		{115E4A96-26C5-449F-94F7-F4924A6D0613}.Debug|Any CPU.Build.0 = Debug|Any CPU
		{115E4A96-26C5-449F-94F7-F4924A6D0613}.Debug|x86.ActiveCfg = Debug|Any CPU
		{115E4A96-26C5-449F-94F7-F4924A6D0613}.Debug|x86.Build.0 = Debug|Any CPU
		{115E4A96-26C5-449F-94F7-F4924A6D0613}.Release|Any CPU.ActiveCfg = Release|Any CPU
		{115E4A96-26C5-449F-94F7-F4924A6D0613}.Release|Any CPU.Build.0 = Release|Any CPU
		{115E4A96-26C5-449F-94F7-F4924A6D0613}.Release|x86.ActiveCfg = Release|Any CPU
		{115E4A96-26C5-449F-94F7-F4924A6D0613}.Release|x86.Build.0 = Release|Any CPU
		{CD3184EB-107B-4A6F-874B-2E8E11ADE937}.Debug|Any CPU.ActiveCfg = Debug|Any CPU
		{CD3184EB-107B-4A6F-874B-2E8E11ADE937}.Debug|Any CPU.Build.0 = Debug|Any CPU
		{CD3184EB-107B-4A6F-874B-2E8E11ADE937}.Debug|x86.ActiveCfg = Debug|Any CPU
		{CD3184EB-107B-4A6F-874B-2E8E11ADE937}.Debug|x86.Build.0 = Debug|Any CPU
		{CD3184EB-107B-4A6F-874B-2E8E11ADE937}.Release|Any CPU.ActiveCfg = Release|Any CPU
		{CD3184EB-107B-4A6F-874B-2E8E11ADE937}.Release|Any CPU.Build.0 = Release|Any CPU
		{CD3184EB-107B-4A6F-874B-2E8E11ADE937}.Release|x86.ActiveCfg = Release|Any CPU
		{CD3184EB-107B-4A6F-874B-2E8E11ADE937}.Release|x86.Build.0 = Release|Any CPU
		{917F671A-720D-4830-8359-E663CD8347B7}.Debug|Any CPU.ActiveCfg = Debug|Any CPU
		{917F671A-720D-4830-8359-E663CD8347B7}.Debug|Any CPU.Build.0 = Debug|Any CPU
		{917F671A-720D-4830-8359-E663CD8347B7}.Debug|x86.ActiveCfg = Debug|Any CPU
		{917F671A-720D-4830-8359-E663CD8347B7}.Debug|x86.Build.0 = Debug|Any CPU
		{917F671A-720D-4830-8359-E663CD8347B7}.Release|Any CPU.ActiveCfg = Release|Any CPU
		{917F671A-720D-4830-8359-E663CD8347B7}.Release|Any CPU.Build.0 = Release|Any CPU
		{917F671A-720D-4830-8359-E663CD8347B7}.Release|x86.ActiveCfg = Release|Any CPU
		{917F671A-720D-4830-8359-E663CD8347B7}.Release|x86.Build.0 = Release|Any CPU
		{5E63499C-F8AD-4A52-8B7A-52FD64EE91C0}.Debug|Any CPU.ActiveCfg = Debug|Any CPU
		{5E63499C-F8AD-4A52-8B7A-52FD64EE91C0}.Debug|Any CPU.Build.0 = Debug|Any CPU
		{5E63499C-F8AD-4A52-8B7A-52FD64EE91C0}.Debug|x86.ActiveCfg = Debug|Any CPU
		{5E63499C-F8AD-4A52-8B7A-52FD64EE91C0}.Debug|x86.Build.0 = Debug|Any CPU
		{5E63499C-F8AD-4A52-8B7A-52FD64EE91C0}.Release|Any CPU.ActiveCfg = Release|Any CPU
		{5E63499C-F8AD-4A52-8B7A-52FD64EE91C0}.Release|Any CPU.Build.0 = Release|Any CPU
		{5E63499C-F8AD-4A52-8B7A-52FD64EE91C0}.Release|x86.ActiveCfg = Release|Any CPU
		{5E63499C-F8AD-4A52-8B7A-52FD64EE91C0}.Release|x86.Build.0 = Release|Any CPU
		{093392D7-56AE-4EB4-845C-D4B66DFCAA6E}.Debug|Any CPU.ActiveCfg = Debug|Any CPU
		{093392D7-56AE-4EB4-845C-D4B66DFCAA6E}.Debug|Any CPU.Build.0 = Debug|Any CPU
		{093392D7-56AE-4EB4-845C-D4B66DFCAA6E}.Debug|x86.ActiveCfg = Debug|Any CPU
		{093392D7-56AE-4EB4-845C-D4B66DFCAA6E}.Debug|x86.Build.0 = Debug|Any CPU
		{093392D7-56AE-4EB4-845C-D4B66DFCAA6E}.Release|Any CPU.ActiveCfg = Release|Any CPU
		{093392D7-56AE-4EB4-845C-D4B66DFCAA6E}.Release|Any CPU.Build.0 = Release|Any CPU
		{093392D7-56AE-4EB4-845C-D4B66DFCAA6E}.Release|x86.ActiveCfg = Release|Any CPU
		{093392D7-56AE-4EB4-845C-D4B66DFCAA6E}.Release|x86.Build.0 = Release|Any CPU
		{0E2C3BB2-FB45-4BB9-9DB7-7F42AAF64FBA}.Debug|Any CPU.ActiveCfg = Debug|Any CPU
		{0E2C3BB2-FB45-4BB9-9DB7-7F42AAF64FBA}.Debug|Any CPU.Build.0 = Debug|Any CPU
		{0E2C3BB2-FB45-4BB9-9DB7-7F42AAF64FBA}.Debug|x86.ActiveCfg = Debug|Any CPU
		{0E2C3BB2-FB45-4BB9-9DB7-7F42AAF64FBA}.Debug|x86.Build.0 = Debug|Any CPU
		{0E2C3BB2-FB45-4BB9-9DB7-7F42AAF64FBA}.Release|Any CPU.ActiveCfg = Release|Any CPU
		{0E2C3BB2-FB45-4BB9-9DB7-7F42AAF64FBA}.Release|Any CPU.Build.0 = Release|Any CPU
		{0E2C3BB2-FB45-4BB9-9DB7-7F42AAF64FBA}.Release|x86.ActiveCfg = Release|Any CPU
		{0E2C3BB2-FB45-4BB9-9DB7-7F42AAF64FBA}.Release|x86.Build.0 = Release|Any CPU
	EndGlobalSection
	GlobalSection(SolutionProperties) = preSolution
		HideSolutionNode = FALSE
	EndGlobalSection
	GlobalSection(NestedProjects) = preSolution
		{4A762C57-26E8-49A3-BD83-CA0911C96AE4} = {D4AEF1DC-1030-447B-817D-F5E49C801EFF}
		{15CF1FE1-D78E-4E3D-A9F8-FA0FCC56A83A} = {8B68315F-10BA-4E2B-AF2E-312DCD160766}
		{6A60A2C1-92C4-4C6E-9883-928D8D308678} = {15CF1FE1-D78E-4E3D-A9F8-FA0FCC56A83A}
		{2ED63CA2-6C42-40DD-AF17-9C990E75A530} = {15CF1FE1-D78E-4E3D-A9F8-FA0FCC56A83A}
		{924E08CD-824C-43CD-8B8B-3D7673E19D5D} = {15CF1FE1-D78E-4E3D-A9F8-FA0FCC56A83A}
		{ADE7520F-AB1B-4EA2-9B17-3837DC19E53E} = {81389446-0175-4050-B3DB-88E93C7E078C}
		{86F5A01B-9FF4-47F8-91FD-1E1540DCCDAE} = {D4AEF1DC-1030-447B-817D-F5E49C801EFF}
		{47ED3A36-C2D9-4E41-B4B5-9ECE93A6AE28} = {4A762C57-26E8-49A3-BD83-CA0911C96AE4}
		{A3AF55C3-C7D2-498A-B881-AF95D2F6C6A5} = {8B68315F-10BA-4E2B-AF2E-312DCD160766}
		{083E8760-3F4E-487D-B681-D4DBFB4E946D} = {8B68315F-10BA-4E2B-AF2E-312DCD160766}
		{AB1E8BA7-696E-4CEC-981E-A7374346C2D9} = {4A762C57-26E8-49A3-BD83-CA0911C96AE4}
		{5DB860FA-3E3E-44B4-9710-E6C85164CB30} = {4A762C57-26E8-49A3-BD83-CA0911C96AE4}
		{115E4A96-26C5-449F-94F7-F4924A6D0613} = {AB1E8BA7-696E-4CEC-981E-A7374346C2D9}
		{CD3184EB-107B-4A6F-874B-2E8E11ADE937} = {5DB860FA-3E3E-44B4-9710-E6C85164CB30}
		{917F671A-720D-4830-8359-E663CD8347B7} = {5DB860FA-3E3E-44B4-9710-E6C85164CB30}
		{5E63499C-F8AD-4A52-8B7A-52FD64EE91C0} = {5DB860FA-3E3E-44B4-9710-E6C85164CB30}
		{093392D7-56AE-4EB4-845C-D4B66DFCAA6E} = {5DB860FA-3E3E-44B4-9710-E6C85164CB30}
		{0E2C3BB2-FB45-4BB9-9DB7-7F42AAF64FBA} = {4A762C57-26E8-49A3-BD83-CA0911C96AE4}
	EndGlobalSection
	GlobalSection(ExtensibilityGlobals) = postSolution
		SolutionGuid = {D877B086-37FD-4AA5-8AB3-CF7E87E27425}
	EndGlobalSection
EndGlobal
